
Microsoft Visual Studio Solution File, Format Version 11.00
# Visual Studio 2010
Project("{FAE04EC0-301F-11D3-BF4B-00C04F79EFBC}") = "WebApplication1", "WebApplication1\WebApplication1.csproj", "{5AA752A6-37A1-437B-921E-147136B31047}"
EndProject
Project("{FAE04EC0-301F-11D3-BF4B-00C04F79EFBC}") = "WindowsFormsApplication1", "WindowsFormsApplication1\WindowsFormsApplication1.csproj", "{0DB4847B-5FF3-4250-ACE1-EBFA0C45F3BC}"
EndProject
Global
	GlobalSection(SolutionConfigurationPlatforms) = preSolution
		Debug|Any CPU = Debug|Any CPU
		Debug|Mixed Platforms = Debug|Mixed Platforms
		Debug|x86 = Debug|x86
		Release|Any CPU = Release|Any CPU
		Release|Mixed Platforms = Release|Mixed Platforms
		Release|x86 = Release|x86
	EndGlobalSection
	GlobalSection(ProjectConfigurationPlatforms) = postSolution
		{5AA752A6-37A1-437B-921E-147136B31047}.Debug|Any CPU.ActiveCfg = Debug|Any CPU
		{5AA752A6-37A1-437B-921E-147136B31047}.Debug|Any CPU.Build.0 = Debug|Any CPU
		{5AA752A6-37A1-437B-921E-147136B31047}.Debug|Mixed Platforms.ActiveCfg = Debug|Any CPU
		{5AA752A6-37A1-437B-921E-147136B31047}.Debug|Mixed Platforms.Build.0 = Debug|Any CPU
		{5AA752A6-37A1-437B-921E-147136B31047}.Debug|x86.ActiveCfg = Debug|Any CPU
		{5AA752A6-37A1-437B-921E-147136B31047}.Release|Any CPU.ActiveCfg = Release|Any CPU
		{5AA752A6-37A1-437B-921E-147136B31047}.Release|Any CPU.Build.0 = Release|Any CPU
		{5AA752A6-37A1-437B-921E-147136B31047}.Release|Mixed Platforms.ActiveCfg = Release|Any CPU
		{5AA752A6-37A1-437B-921E-147136B31047}.Release|Mixed Platforms.Build.0 = Release|Any CPU
		{5AA752A6-37A1-437B-921E-147136B31047}.Release|x86.ActiveCfg = Release|Any CPU
		{0DB4847B-5FF3-4250-ACE1-EBFA0C45F3BC}.Debug|Any CPU.ActiveCfg = Debug|x86
		{0DB4847B-5FF3-4250-ACE1-EBFA0C45F3BC}.Debug|Mixed Platforms.ActiveCfg = Debug|x86
		{0DB4847B-5FF3-4250-ACE1-EBFA0C45F3BC}.Debug|Mixed Platforms.Build.0 = Debug|x86
		{0DB4847B-5FF3-4250-ACE1-EBFA0C45F3BC}.Debug|x86.ActiveCfg = Debug|x86
		{0DB4847B-5FF3-4250-ACE1-EBFA0C45F3BC}.Debug|x86.Build.0 = Debug|x86
		{0DB4847B-5FF3-4250-ACE1-EBFA0C45F3BC}.Release|Any CPU.ActiveCfg = Release|x86
		{0DB4847B-5FF3-4250-ACE1-EBFA0C45F3BC}.Release|Mixed Platforms.ActiveCfg = Release|x86
		{0DB4847B-5FF3-4250-ACE1-EBFA0C45F3BC}.Release|Mixed Platforms.Build.0 = Release|x86
		{0DB4847B-5FF3-4250-ACE1-EBFA0C45F3BC}.Release|x86.ActiveCfg = Release|x86
		{0DB4847B-5FF3-4250-ACE1-EBFA0C45F3BC}.Release|x86.Build.0 = Release|x86
	EndGlobalSection
	GlobalSection(SolutionProperties) = preSolution
		HideSolutionNode = FALSE
	EndGlobalSection
EndGlobal
